// !$*UTF8*$!
{
	archiveVersion = 1;
	classes = {
	};
	objectVersion = 46;
	objects = {

/* Begin PBXBuildFile section */
		4BC78C8B1BDFDC1600BEC343 /* statedictionary.plist in Resources */ = {isa = PBXBuildFile; fileRef = 4BC78C8A1BDFDC1600BEC343 /* statedictionary.plist */; };
		4BF9A1A71BDAC11600870582 /* AppDelegate.swift in Sources */ = {isa = PBXBuildFile; fileRef = 4BF9A1A61BDAC11600870582 /* AppDelegate.swift */; };
		4BF9A1A91BDAC11600870582 /* ViewController.swift in Sources */ = {isa = PBXBuildFile; fileRef = 4BF9A1A81BDAC11600870582 /* ViewController.swift */; };
		4BF9A1AC1BDAC11600870582 /* Main.storyboard in Resources */ = {isa = PBXBuildFile; fileRef = 4BF9A1AA1BDAC11600870582 /* Main.storyboard */; };
		4BF9A1AE1BDAC11600870582 /* Images.xcassets in Resources */ = {isa = PBXBuildFile; fileRef = 4BF9A1AD1BDAC11600870582 /* Images.xcassets */; };
		4BF9A1B11BDAC11600870582 /* LaunchScreen.xib in Resources */ = {isa = PBXBuildFile; fileRef = 4BF9A1AF1BDAC11600870582 /* LaunchScreen.xib */; };
		4BF9A1BD1BDAC11700870582 /* __Pickers_ApplicationTests.swift in Sources */ = {isa = PBXBuildFile; fileRef = 4BF9A1BC1BDAC11700870582 /* __Pickers_ApplicationTests.swift */; };
		4BF9A1C71BDAD5C500870582 /* DatePickerViewController.swift in Sources */ = {isa = PBXBuildFile; fileRef = 4BF9A1C61BDAD5C500870582 /* DatePickerViewController.swift */; };
		4BF9A1C91BDAD5F400870582 /* SingleComponentPickerViewController.swift in Sources */ = {isa = PBXBuildFile; fileRef = 4BF9A1C81BDAD5F400870582 /* SingleComponentPickerViewController.swift */; };
		4BF9A1CB1BDAD61000870582 /* DoubleComponentPickerViewController.swift in Sources */ = {isa = PBXBuildFile; fileRef = 4BF9A1CA1BDAD61000870582 /* DoubleComponentPickerViewController.swift */; };
		4BF9A1CD1BDAD62B00870582 /* DependentComponentPickerViewController.swift in Sources */ = {isa = PBXBuildFile; fileRef = 4BF9A1CC1BDAD62B00870582 /* DependentComponentPickerViewController.swift */; };
		4BF9A1CF1BDAD63800870582 /* CustomPickerViewController.swift in Sources */ = {isa = PBXBuildFile; fileRef = 4BF9A1CE1BDAD63800870582 /* CustomPickerViewController.swift */; };
/* End PBXBuildFile section */

/* Begin PBXContainerItemProxy section */
		4BF9A1B71BDAC11700870582 /* PBXContainerItemProxy */ = {
			isa = PBXContainerItemProxy;
			containerPortal = 4BF9A1991BDAC11600870582 /* Project object */;
			proxyType = 1;
			remoteGlobalIDString = 4BF9A1A01BDAC11600870582;
			remoteInfo = "7 Pickers Application";
		};
/* End PBXContainerItemProxy section */

/* Begin PBXFileReference section */
		4BC78C8A1BDFDC1600BEC343 /* statedictionary.plist */ = {isa = PBXFileReference; fileEncoding = 4; lastKnownFileType = text.plist.xml; path = statedictionary.plist; sourceTree = "<group>"; };
		4BF9A1A11BDAC11600870582 /* 7 Pickers Application.app */ = {isa = PBXFileReference; explicitFileType = wrapper.application; includeInIndex = 0; path = "7 Pickers Application.app"; sourceTree = BUILT_PRODUCTS_DIR; };
		4BF9A1A51BDAC11600870582 /* Info.plist */ = {isa = PBXFileReference; lastKnownFileType = text.plist.xml; path = Info.plist; sourceTree = "<group>"; };
		4BF9A1A61BDAC11600870582 /* AppDelegate.swift */ = {isa = PBXFileReference; lastKnownFileType = sourcecode.swift; path = AppDelegate.swift; sourceTree = "<group>"; };
		4BF9A1A81BDAC11600870582 /* ViewController.swift */ = {isa = PBXFileReference; lastKnownFileType = sourcecode.swift; path = ViewController.swift; sourceTree = "<group>"; };
		4BF9A1AB1BDAC11600870582 /* Base */ = {isa = PBXFileReference; lastKnownFileType = file.storyboard; name = Base; path = Base.lproj/Main.storyboard; sourceTree = "<group>"; };
		4BF9A1AD1BDAC11600870582 /* Images.xcassets */ = {isa = PBXFileReference; lastKnownFileType = folder.assetcatalog; path = Images.xcassets; sourceTree = "<group>"; };
		4BF9A1B01BDAC11600870582 /* Base */ = {isa = PBXFileReference; lastKnownFileType = file.xib; name = Base; path = Base.lproj/LaunchScreen.xib; sourceTree = "<group>"; };
		4BF9A1B61BDAC11700870582 /* 7 Pickers ApplicationTests.xctest */ = {isa = PBXFileReference; explicitFileType = wrapper.cfbundle; includeInIndex = 0; path = "7 Pickers ApplicationTests.xctest"; sourceTree = BUILT_PRODUCTS_DIR; };
		4BF9A1BB1BDAC11700870582 /* Info.plist */ = {isa = PBXFileReference; lastKnownFileType = text.plist.xml; path = Info.plist; sourceTree = "<group>"; };
		4BF9A1BC1BDAC11700870582 /* __Pickers_ApplicationTests.swift */ = {isa = PBXFileReference; lastKnownFileType = sourcecode.swift; path = __Pickers_ApplicationTests.swift; sourceTree = "<group>"; };
		4BF9A1C61BDAD5C500870582 /* DatePickerViewController.swift */ = {isa = PBXFileReference; fileEncoding = 4; lastKnownFileType = sourcecode.swift; path = DatePickerViewController.swift; sourceTree = "<group>"; };
		4BF9A1C81BDAD5F400870582 /* SingleComponentPickerViewController.swift */ = {isa = PBXFileReference; fileEncoding = 4; lastKnownFileType = sourcecode.swift; path = SingleComponentPickerViewController.swift; sourceTree = "<group>"; };
		4BF9A1CA1BDAD61000870582 /* DoubleComponentPickerViewController.swift */ = {isa = PBXFileReference; fileEncoding = 4; lastKnownFileType = sourcecode.swift; path = DoubleComponentPickerViewController.swift; sourceTree = "<group>"; };
		4BF9A1CC1BDAD62B00870582 /* DependentComponentPickerViewController.swift */ = {isa = PBXFileReference; fileEncoding = 4; lastKnownFileType = sourcecode.swift; path = DependentComponentPickerViewController.swift; sourceTree = "<group>"; };
		4BF9A1CE1BDAD63800870582 /* CustomPickerViewController.swift */ = {isa = PBXFileReference; fileEncoding = 4; lastKnownFileType = sourcecode.swift; path = CustomPickerViewController.swift; sourceTree = "<group>"; };
/* End PBXFileReference section */

/* Begin PBXFrameworksBuildPhase section */
		4BF9A19E1BDAC11600870582 /* Frameworks */ = {
			isa = PBXFrameworksBuildPhase;
			buildActionMask = 2147483647;
			files = (
			);
			runOnlyForDeploymentPostprocessing = 0;
		};
		4BF9A1B31BDAC11700870582 /* Frameworks */ = {
			isa = PBXFrameworksBuildPhase;
			buildActionMask = 2147483647;
			files = (
			);
			runOnlyForDeploymentPostprocessing = 0;
		};
/* End PBXFrameworksBuildPhase section */

/* Begin PBXGroup section */
		4BF9A1981BDAC11600870582 = {
			isa = PBXGroup;
			children = (
				4BF9A1A31BDAC11600870582 /* 7 Pickers Application */,
				4BF9A1B91BDAC11700870582 /* 7 Pickers ApplicationTests */,
				4BF9A1A21BDAC11600870582 /* Products */,
			);
			sourceTree = "<group>";
		};
		4BF9A1A21BDAC11600870582 /* Products */ = {
			isa = PBXGroup;
			children = (
				4BF9A1A11BDAC11600870582 /* 7 Pickers Application.app */,
				4BF9A1B61BDAC11700870582 /* 7 Pickers ApplicationTests.xctest */,
			);
			name = Products;
			sourceTree = "<group>";
		};
		4BF9A1A31BDAC11600870582 /* 7 Pickers Application */ = {
			isa = PBXGroup;
			children = (
				4BF9A1A61BDAC11600870582 /* AppDelegate.swift */,
				4BF9A1A81BDAC11600870582 /* ViewController.swift */,
				4BC78C8A1BDFDC1600BEC343 /* statedictionary.plist */,
				4BF9A1AA1BDAC11600870582 /* Main.storyboard */,
				4BF9A1AD1BDAC11600870582 /* Images.xcassets */,
				4BF9A1AF1BDAC11600870582 /* LaunchScreen.xib */,
				4BF9A1A41BDAC11600870582 /* Supporting Files */,
				4BF9A1C61BDAD5C500870582 /* DatePickerViewController.swift */,
				4BF9A1C81BDAD5F400870582 /* SingleComponentPickerViewController.swift */,
				4BF9A1CA1BDAD61000870582 /* DoubleComponentPickerViewController.swift */,
				4BF9A1CC1BDAD62B00870582 /* DependentComponentPickerViewController.swift */,
				4BF9A1CE1BDAD63800870582 /* CustomPickerViewController.swift */,
			);
			path = "7 Pickers Application";
			sourceTree = "<group>";
		};
		4BF9A1A41BDAC11600870582 /* Supporting Files */ = {
			isa = PBXGroup;
			children = (
				4BF9A1A51BDAC11600870582 /* Info.plist */,
			);
			name = "Supporting Files";
			sourceTree = "<group>";
		};
		4BF9A1B91BDAC11700870582 /* 7 Pickers ApplicationTests */ = {
			isa = PBXGroup;
			children = (
				4BF9A1BC1BDAC11700870582 /* __Pickers_ApplicationTests.swift */,
				4BF9A1BA1BDAC11700870582 /* Supporting Files */,
			);
			path = "7 Pickers ApplicationTests";
			sourceTree = "<group>";
		};
		4BF9A1BA1BDAC11700870582 /* Supporting Files */ = {
			isa = PBXGroup;
			children = (
				4BF9A1BB1BDAC11700870582 /* Info.plist */,
			);
			name = "Supporting Files";
			sourceTree = "<group>";
		};
/* End PBXGroup section */

/* Begin PBXNativeTarget section */
		4BF9A1A01BDAC11600870582 /* 7 Pickers Application */ = {
			isa = PBXNativeTarget;
			buildConfigurationList = 4BF9A1C01BDAC11700870582 /* Build configuration list for PBXNativeTarget "7 Pickers Application" */;
			buildPhases = (
				4BF9A19D1BDAC11600870582 /* Sources */,
				4BF9A19E1BDAC11600870582 /* Frameworks */,
				4BF9A19F1BDAC11600870582 /* Resources */,
			);
			buildRules = (
			);
			dependencies = (
			);
			name = "7 Pickers Application";
			productName = "7 Pickers Application";
			productReference = 4BF9A1A11BDAC11600870582 /* 7 Pickers Application.app */;
			productType = "com.apple.product-type.application";
		};
		4BF9A1B51BDAC11700870582 /* 7 Pickers ApplicationTests */ = {
			isa = PBXNativeTarget;
			buildConfigurationList = 4BF9A1C31BDAC11700870582 /* Build configuration list for PBXNativeTarget "7 Pickers ApplicationTests" */;
			buildPhases = (
				4BF9A1B21BDAC11700870582 /* Sources */,
				4BF9A1B31BDAC11700870582 /* Frameworks */,
				4BF9A1B41BDAC11700870582 /* Resources */,
			);
			buildRules = (
			);
			dependencies = (
				4BF9A1B81BDAC11700870582 /* PBXTargetDependency */,
			);
			name = "7 Pickers ApplicationTests";
			productName = "7 Pickers ApplicationTests";
			productReference = 4BF9A1B61BDAC11700870582 /* 7 Pickers ApplicationTests.xctest */;
			productType = "com.apple.product-type.bundle.unit-test";
		};
/* End PBXNativeTarget section */

/* Begin PBXProject section */
		4BF9A1991BDAC11600870582 /* Project object */ = {
			isa = PBXProject;
			attributes = {
				LastUpgradeCheck = 0620;
				ORGANIZATIONNAME = Apress;
				TargetAttributes = {
					4BF9A1A01BDAC11600870582 = {
						CreatedOnToolsVersion = 6.2;
					};
					4BF9A1B51BDAC11700870582 = {
						CreatedOnToolsVersion = 6.2;
						TestTargetID = 4BF9A1A01BDAC11600870582;
					};
				};
			};
			buildConfigurationList = 4BF9A19C1BDAC11600870582 /* Build configuration list for PBXProject "7 Pickers Application" */;
			compatibilityVersion = "Xcode 3.2";
			developmentRegion = English;
			hasScannedForEncodings = 0;
			knownRegions = (
				en,
				Base,
			);
			mainGroup = 4BF9A1981BDAC11600870582;
			productRefGroup = 4BF9A1A21BDAC11600870582 /* Products */;
			projectDirPath = "";
			projectRoot = "";
			targets = (
				4BF9A1A01BDAC11600870582 /* 7 Pickers Application */,
				4BF9A1B51BDAC11700870582 /* 7 Pickers ApplicationTests */,
			);
		};
/* End PBXProject section */

/* Begin PBXResourcesBuildPhase section */
		4BF9A19F1BDAC11600870582 /* Resources */ = {
			isa = PBXResourcesBuildPhase;
			buildActionMask = 2147483647;
			files = (
				4BF9A1AC1BDAC11600870582 /* Main.storyboard in Resources */,
				4BF9A1B11BDAC11600870582 /* LaunchScreen.xib in Resources */,
				4BC78C8B1BDFDC1600BEC343 /* statedictionary.plist in Resources */,
				4BF9A1AE1BDAC11600870582 /* Images.xcassets in Resources */,
			);
			runOnlyForDeploymentPostprocessing = 0;
		};
		4BF9A1B41BDAC11700870582 /* Resources */ = {
			isa = PBXResourcesBuildPhase;
			buildActionMask = 2147483647;
			files = (
			);
			runOnlyForDeploymentPostprocessing = 0;
		};
/* End PBXResourcesBuildPhase section */

/* Begin PBXSourcesBuildPhase section */
		4BF9A19D1BDAC11600870582 /* Sources */ = {
			isa = PBXSourcesBuildPhase;
			buildActionMask = 2147483647;
			files = (
				4BF9A1A91BDAC11600870582 /* ViewController.swift in Sources */,
				4BF9A1A71BDAC11600870582 /* AppDelegate.swift in Sources */,
				4BF9A1CD1BDAD62B00870582 /* DependentComponentPickerViewController.swift in Sources */,
				4BF9A1CB1BDAD61000870582 /* DoubleComponentPickerViewController.swift in Sources */,
				4BF9A1CF1BDAD63800870582 /* CustomPickerViewController.swift in Sources */,
				4BF9A1C91BDAD5F400870582 /* SingleComponentPickerViewController.swift in Sources */,
				4BF9A1C71BDAD5C500870582 /* DatePickerViewController.swift in Sources */,
			);
			runOnlyForDeploymentPostprocessing = 0;
		};
		4BF9A1B21BDAC11700870582 /* Sources */ = {
			isa = PBXSourcesBuildPhase;
			buildActionMask = 2147483647;
			files = (
				4BF9A1BD1BDAC11700870582 /* __Pickers_ApplicationTests.swift in Sources */,
			);
			runOnlyForDeploymentPostprocessing = 0;
		};
/* End PBXSourcesBuildPhase section */

/* Begin PBXTargetDependency section */
		4BF9A1B81BDAC11700870582 /* PBXTargetDependency */ = {
			isa = PBXTargetDependency;
			target = 4BF9A1A01BDAC11600870582 /* 7 Pickers Application */;
			targetProxy = 4BF9A1B71BDAC11700870582 /* PBXContainerItemProxy */;
		};
/* End PBXTargetDependency section */

/* Begin PBXVariantGroup section */
		4BF9A1AA1BDAC11600870582 /* Main.storyboard */ = {
			isa = PBXVariantGroup;
			children = (
				4BF9A1AB1BDAC11600870582 /* Base */,
			);
			name = Main.storyboard;
			sourceTree = "<group>";
		};
		4BF9A1AF1BDAC11600870582 /* LaunchScreen.xib */ = {
			isa = PBXVariantGroup;
			children = (
				4BF9A1B01BDAC11600870582 /* Base */,
			);
			name = LaunchScreen.xib;
			sourceTree = "<group>";
		};
/* End PBXVariantGroup section */

/* Begin XCBuildConfiguration section */
		4BF9A1BE1BDAC11700870582 /* Debug */ = {
			isa = XCBuildConfiguration;
			buildSettings = {
				ALWAYS_SEARCH_USER_PATHS = NO;
				CLANG_CXX_LANGUAGE_STANDARD = "gnu++0x";
				CLANG_CXX_LIBRARY = "libc++";
				CLANG_ENABLE_MODULES = YES;
				CLANG_ENABLE_OBJC_ARC = YES;
				CLANG_WARN_BOOL_CONVERSION = YES;
				CLANG_WARN_CONSTANT_CONVERSION = YES;
				CLANG_WARN_DIRECT_OBJC_ISA_USAGE = YES_ERROR;
				CLANG_WARN_EMPTY_BODY = YES;
				CLANG_WARN_ENUM_CONVERSION = YES;
				CLANG_WARN_INT_CONVERSION = YES;
				CLANG_WARN_OBJC_ROOT_CLASS = YES_ERROR;
				CLANG_WARN_UNREACHABLE_CODE = YES;
				CLANG_WARN__DUPLICATE_METHOD_MATCH = YES;
				"CODE_SIGN_IDENTITY[sdk=iphoneos*]" = "iPhone Developer";
				COPY_PHASE_STRIP = NO;
				ENABLE_STRICT_OBJC_MSGSEND = YES;
				GCC_C_LANGUAGE_STANDARD = gnu99;
				GCC_DYNAMIC_NO_PIC = NO;
				GCC_OPTIMIZATION_LEVEL = 0;
				GCC_PREPROCESSOR_DEFINITIONS = (
					"DEBUG=1",
					"$(inherited)",
				);
				GCC_SYMBOLS_PRIVATE_EXTERN = NO;
				GCC_WARN_64_TO_32_BIT_CONVERSION = YES;
				GCC_WARN_ABOUT_RETURN_TYPE = YES_ERROR;
				GCC_WARN_UNDECLARED_SELECTOR = YES;
				GCC_WARN_UNINITIALIZED_AUTOS = YES_AGGRESSIVE;
				GCC_WARN_UNUSED_FUNCTION = YES;
				GCC_WARN_UNUSED_VARIABLE = YES;
				IPHONEOS_DEPLOYMENT_TARGET = 8.2;
				MTL_ENABLE_DEBUG_INFO = YES;
				ONLY_ACTIVE_ARCH = YES;
				SDKROOT = iphoneos;
				SWIFT_OPTIMIZATION_LEVEL = "-Onone";
				TARGETED_DEVICE_FAMILY = "1,2";
			};
			name = Debug;
		};
		4BF9A1BF1BDAC11700870582 /* Release */ = {
			isa = XCBuildConfiguration;
			buildSettings = {
				ALWAYS_SEARCH_USER_PATHS = NO;
				CLANG_CXX_LANGUAGE_STANDARD = "gnu++0x";
				CLANG_CXX_LIBRARY = "libc++";
				CLANG_ENABLE_MODULES = YES;
				CLANG_ENABLE_OBJC_ARC = YES;
				CLANG_WARN_BOOL_CONVERSION = YES;
				CLANG_WARN_CONSTANT_CONVERSION = YES;
				CLANG_WARN_DIRECT_OBJC_ISA_USAGE = YES_ERROR;
				CLANG_WARN_EMPTY_BODY = YES;
				CLANG_WARN_ENUM_CONVERSION = YES;
				CLANG_WARN_INT_CONVERSION = YES;
				CLANG_WARN_OBJC_ROOT_CLASS = YES_ERROR;
				CLANG_WARN_UNREACHABLE_CODE = YES;
				CLANG_WARN__DUPLICATE_METHOD_MATCH = YES;
				"CODE_SIGN_IDENTITY[sdk=iphoneos*]" = "iPhone Developer";
				COPY_PHASE_STRIP = NO;
				ENABLE_NS_ASSERTIONS = NO;
				ENABLE_STRICT_OBJC_MSGSEND = YES;
				GCC_C_LANGUAGE_STANDARD = gnu99;
				GCC_WARN_64_TO_32_BIT_CONVERSION = YES;
				GCC_WARN_ABOUT_RETURN_TYPE = YES_ERROR;
				GCC_WARN_UNDECLARED_SELECTOR = YES;
				GCC_WARN_UNINITIALIZED_AUTOS = YES_AGGRESSIVE;
				GCC_WARN_UNUSED_FUNCTION = YES;
				GCC_WARN_UNUSED_VARIABLE = YES;
				IPHONEOS_DEPLOYMENT_TARGET = 8.2;
				MTL_ENABLE_DEBUG_INFO = NO;
				SDKROOT = iphoneos;
				TARGETED_DEVICE_FAMILY = "1,2";
				VALIDATE_PRODUCT = YES;
			};
			name = Release;
		};
		4BF9A1C11BDAC11700870582 /* Debug */ = {
			isa = XCBuildConfiguration;
			buildSettings = {
				ASSETCATALOG_COMPILER_APPICON_NAME = AppIcon;
				INFOPLIST_FILE = "7 Pickers Application/Info.plist";
				LD_RUNPATH_SEARCH_PATHS = "$(inherited) @executable_path/Frameworks";
				PRODUCT_NAME = "$(TARGET_NAME)";
			};
			name = Debug;
		};
		4BF9A1C21BDAC11700870582 /* Release */ = {
			isa = XCBuildConfiguration;
			buildSettings = {
				ASSETCATALOG_COMPILER_APPICON_NAME = AppIcon;
				INFOPLIST_FILE = "7 Pickers Application/Info.plist";
				LD_RUNPATH_SEARCH_PATHS = "$(inherited) @executable_path/Frameworks";
				PRODUCT_NAME = "$(TARGET_NAME)";
			};
			name = Release;
		};
		4BF9A1C41BDAC11700870582 /* Debug */ = {
			isa = XCBuildConfiguration;
			buildSettings = {
				BUNDLE_LOADER = "$(TEST_HOST)";
				FRAMEWORK_SEARCH_PATHS = (
					"$(SDKROOT)/Developer/Library/Frameworks",
					"$(inherited)",
				);
				GCC_PREPROCESSOR_DEFINITIONS = (
					"DEBUG=1",
					"$(inherited)",
				);
				INFOPLIST_FILE = "7 Pickers ApplicationTests/Info.plist";
				LD_RUNPATH_SEARCH_PATHS = "$(inherited) @executable_path/Frameworks @loader_path/Frameworks";
				PRODUCT_NAME = "$(TARGET_NAME)";
				TEST_HOST = "$(BUILT_PRODUCTS_DIR)/7 Pickers Application.app/7 Pickers Application";
			};
			name = Debug;
		};
		4BF9A1C51BDAC11700870582 /* Release */ = {
			isa = XCBuildConfiguration;
			buildSettings = {
				BUNDLE_LOADER = "$(TEST_HOST)";
				FRAMEWORK_SEARCH_PATHS = (
					"$(SDKROOT)/Developer/Library/Frameworks",
					"$(inherited)",
				);
				INFOPLIST_FILE = "7 Pickers ApplicationTests/Info.plist";
				LD_RUNPATH_SEARCH_PATHS = "$(inherited) @executable_path/Frameworks @loader_path/Frameworks";
				PRODUCT_NAME = "$(TARGET_NAME)";
				TEST_HOST = "$(BUILT_PRODUCTS_DIR)/7 Pickers Application.app/7 Pickers Application";
			};
			name = Release;
		};
/* End XCBuildConfiguration section */

/* Begin XCConfigurationList section */
		4BF9A19C1BDAC11600870582 /* Build configuration list for PBXProject "7 Pickers Application" */ = {
			isa = XCConfigurationList;
			buildConfigurations = (
				4BF9A1BE1BDAC11700870582 /* Debug */,
				4BF9A1BF1BDAC11700870582 /* Release */,
			);
			defaultConfigurationIsVisible = 0;
			defaultConfigurationName = Release;
		};
		4BF9A1C01BDAC11700870582 /* Build configuration list for PBXNativeTarget "7 Pickers Application" */ = {
			isa = XCConfigurationList;
			buildConfigurations = (
				4BF9A1C11BDAC11700870582 /* Debug */,
				4BF9A1C21BDAC11700870582 /* Release */,
			);
			defaultConfigurationIsVisible = 0;
			defaultConfigurationName = Release;
		};
		4BF9A1C31BDAC11700870582 /* Build configuration list for PBXNativeTarget "7 Pickers ApplicationTests" */ = {
			isa = XCConfigurationList;
			buildConfigurations = (
				4BF9A1C41BDAC11700870582 /* Debug */,
				4BF9A1C51BDAC11700870582 /* Release */,
			);
			defaultConfigurationIsVisible = 0;
			defaultConfigurationName = Release;
		};
/* End XCConfigurationList section */
	};
	rootObject = 4BF9A1991BDAC11600870582 /* Project object */;
}
