// !$*UTF8*$!
{
	archiveVersion = 1;
	classes = {
	};
	objectVersion = 46;
	objects = {

/* Begin PBXBuildFile section */
		4B982CA51BE2D1CF0024FD11 /* AppDelegate.swift in Sources */ = {isa = PBXBuildFile; fileRef = 4B982CA41BE2D1CF0024FD11 /* AppDelegate.swift */; };
		4B982CA71BE2D1CF0024FD11 /* ViewController.swift in Sources */ = {isa = PBXBuildFile; fileRef = 4B982CA61BE2D1CF0024FD11 /* ViewController.swift */; };
		4B982CAA1BE2D1CF0024FD11 /* Main.storyboard in Resources */ = {isa = PBXBuildFile; fileRef = 4B982CA81BE2D1CF0024FD11 /* Main.storyboard */; };
		4B982CAC1BE2D1CF0024FD11 /* Images.xcassets in Resources */ = {isa = PBXBuildFile; fileRef = 4B982CAB1BE2D1CF0024FD11 /* Images.xcassets */; };
		4B982CAF1BE2D1CF0024FD11 /* LaunchScreen.xib in Resources */ = {isa = PBXBuildFile; fileRef = 4B982CAD1BE2D1CF0024FD11 /* LaunchScreen.xib */; };
		4B982CBB1BE2D1CF0024FD11 /* __Simple_TableTests.swift in Sources */ = {isa = PBXBuildFile; fileRef = 4B982CBA1BE2D1CF0024FD11 /* __Simple_TableTests.swift */; };
/* End PBXBuildFile section */

/* Begin PBXContainerItemProxy section */
		4B982CB51BE2D1CF0024FD11 /* PBXContainerItemProxy */ = {
			isa = PBXContainerItemProxy;
			containerPortal = 4B982C971BE2D1CF0024FD11 /* Project object */;
			proxyType = 1;
			remoteGlobalIDString = 4B982C9E1BE2D1CF0024FD11;
			remoteInfo = "8 Simple Table";
		};
/* End PBXContainerItemProxy section */

/* Begin PBXFileReference section */
		4B982C9F1BE2D1CF0024FD11 /* 8 Simple Table.app */ = {isa = PBXFileReference; explicitFileType = wrapper.application; includeInIndex = 0; path = "8 Simple Table.app"; sourceTree = BUILT_PRODUCTS_DIR; };
		4B982CA31BE2D1CF0024FD11 /* Info.plist */ = {isa = PBXFileReference; lastKnownFileType = text.plist.xml; path = Info.plist; sourceTree = "<group>"; };
		4B982CA41BE2D1CF0024FD11 /* AppDelegate.swift */ = {isa = PBXFileReference; lastKnownFileType = sourcecode.swift; path = AppDelegate.swift; sourceTree = "<group>"; };
		4B982CA61BE2D1CF0024FD11 /* ViewController.swift */ = {isa = PBXFileReference; lastKnownFileType = sourcecode.swift; path = ViewController.swift; sourceTree = "<group>"; };
		4B982CA91BE2D1CF0024FD11 /* Base */ = {isa = PBXFileReference; lastKnownFileType = file.storyboard; name = Base; path = Base.lproj/Main.storyboard; sourceTree = "<group>"; };
		4B982CAB1BE2D1CF0024FD11 /* Images.xcassets */ = {isa = PBXFileReference; lastKnownFileType = folder.assetcatalog; path = Images.xcassets; sourceTree = "<group>"; };
		4B982CAE1BE2D1CF0024FD11 /* Base */ = {isa = PBXFileReference; lastKnownFileType = file.xib; name = Base; path = Base.lproj/LaunchScreen.xib; sourceTree = "<group>"; };
		4B982CB41BE2D1CF0024FD11 /* 8 Simple TableTests.xctest */ = {isa = PBXFileReference; explicitFileType = wrapper.cfbundle; includeInIndex = 0; path = "8 Simple TableTests.xctest"; sourceTree = BUILT_PRODUCTS_DIR; };
		4B982CB91BE2D1CF0024FD11 /* Info.plist */ = {isa = PBXFileReference; lastKnownFileType = text.plist.xml; path = Info.plist; sourceTree = "<group>"; };
		4B982CBA1BE2D1CF0024FD11 /* __Simple_TableTests.swift */ = {isa = PBXFileReference; lastKnownFileType = sourcecode.swift; path = __Simple_TableTests.swift; sourceTree = "<group>"; };
/* End PBXFileReference section */

/* Begin PBXFrameworksBuildPhase section */
		4B982C9C1BE2D1CF0024FD11 /* Frameworks */ = {
			isa = PBXFrameworksBuildPhase;
			buildActionMask = 2147483647;
			files = (
			);
			runOnlyForDeploymentPostprocessing = 0;
		};
		4B982CB11BE2D1CF0024FD11 /* Frameworks */ = {
			isa = PBXFrameworksBuildPhase;
			buildActionMask = 2147483647;
			files = (
			);
			runOnlyForDeploymentPostprocessing = 0;
		};
/* End PBXFrameworksBuildPhase section */

/* Begin PBXGroup section */
		4B982C961BE2D1CF0024FD11 = {
			isa = PBXGroup;
			children = (
				4B982CA11BE2D1CF0024FD11 /* 8 Simple Table */,
				4B982CB71BE2D1CF0024FD11 /* 8 Simple TableTests */,
				4B982CA01BE2D1CF0024FD11 /* Products */,
			);
			sourceTree = "<group>";
		};
		4B982CA01BE2D1CF0024FD11 /* Products */ = {
			isa = PBXGroup;
			children = (
				4B982C9F1BE2D1CF0024FD11 /* 8 Simple Table.app */,
				4B982CB41BE2D1CF0024FD11 /* 8 Simple TableTests.xctest */,
			);
			name = Products;
			sourceTree = "<group>";
		};
		4B982CA11BE2D1CF0024FD11 /* 8 Simple Table */ = {
			isa = PBXGroup;
			children = (
				4B982CA41BE2D1CF0024FD11 /* AppDelegate.swift */,
				4B982CA61BE2D1CF0024FD11 /* ViewController.swift */,
				4B982CA81BE2D1CF0024FD11 /* Main.storyboard */,
				4B982CAB1BE2D1CF0024FD11 /* Images.xcassets */,
				4B982CAD1BE2D1CF0024FD11 /* LaunchScreen.xib */,
				4B982CA21BE2D1CF0024FD11 /* Supporting Files */,
			);
			path = "8 Simple Table";
			sourceTree = "<group>";
		};
		4B982CA21BE2D1CF0024FD11 /* Supporting Files */ = {
			isa = PBXGroup;
			children = (
				4B982CA31BE2D1CF0024FD11 /* Info.plist */,
			);
			name = "Supporting Files";
			sourceTree = "<group>";
		};
		4B982CB71BE2D1CF0024FD11 /* 8 Simple TableTests */ = {
			isa = PBXGroup;
			children = (
				4B982CBA1BE2D1CF0024FD11 /* __Simple_TableTests.swift */,
				4B982CB81BE2D1CF0024FD11 /* Supporting Files */,
			);
			path = "8 Simple TableTests";
			sourceTree = "<group>";
		};
		4B982CB81BE2D1CF0024FD11 /* Supporting Files */ = {
			isa = PBXGroup;
			children = (
				4B982CB91BE2D1CF0024FD11 /* Info.plist */,
			);
			name = "Supporting Files";
			sourceTree = "<group>";
		};
/* End PBXGroup section */

/* Begin PBXNativeTarget section */
		4B982C9E1BE2D1CF0024FD11 /* 8 Simple Table */ = {
			isa = PBXNativeTarget;
			buildConfigurationList = 4B982CBE1BE2D1CF0024FD11 /* Build configuration list for PBXNativeTarget "8 Simple Table" */;
			buildPhases = (
				4B982C9B1BE2D1CF0024FD11 /* Sources */,
				4B982C9C1BE2D1CF0024FD11 /* Frameworks */,
				4B982C9D1BE2D1CF0024FD11 /* Resources */,
			);
			buildRules = (
			);
			dependencies = (
			);
			name = "8 Simple Table";
			productName = "8 Simple Table";
			productReference = 4B982C9F1BE2D1CF0024FD11 /* 8 Simple Table.app */;
			productType = "com.apple.product-type.application";
		};
		4B982CB31BE2D1CF0024FD11 /* 8 Simple TableTests */ = {
			isa = PBXNativeTarget;
			buildConfigurationList = 4B982CC11BE2D1CF0024FD11 /* Build configuration list for PBXNativeTarget "8 Simple TableTests" */;
			buildPhases = (
				4B982CB01BE2D1CF0024FD11 /* Sources */,
				4B982CB11BE2D1CF0024FD11 /* Frameworks */,
				4B982CB21BE2D1CF0024FD11 /* Resources */,
			);
			buildRules = (
			);
			dependencies = (
				4B982CB61BE2D1CF0024FD11 /* PBXTargetDependency */,
			);
			name = "8 Simple TableTests";
			productName = "8 Simple TableTests";
			productReference = 4B982CB41BE2D1CF0024FD11 /* 8 Simple TableTests.xctest */;
			productType = "com.apple.product-type.bundle.unit-test";
		};
/* End PBXNativeTarget section */

/* Begin PBXProject section */
		4B982C971BE2D1CF0024FD11 /* Project object */ = {
			isa = PBXProject;
			attributes = {
				LastUpgradeCheck = 0620;
				ORGANIZATIONNAME = Apress;
				TargetAttributes = {
					4B982C9E1BE2D1CF0024FD11 = {
						CreatedOnToolsVersion = 6.2;
					};
					4B982CB31BE2D1CF0024FD11 = {
						CreatedOnToolsVersion = 6.2;
						TestTargetID = 4B982C9E1BE2D1CF0024FD11;
					};
				};
			};
			buildConfigurationList = 4B982C9A1BE2D1CF0024FD11 /* Build configuration list for PBXProject "8 Simple Table" */;
			compatibilityVersion = "Xcode 3.2";
			developmentRegion = English;
			hasScannedForEncodings = 0;
			knownRegions = (
				en,
				Base,
			);
			mainGroup = 4B982C961BE2D1CF0024FD11;
			productRefGroup = 4B982CA01BE2D1CF0024FD11 /* Products */;
			projectDirPath = "";
			projectRoot = "";
			targets = (
				4B982C9E1BE2D1CF0024FD11 /* 8 Simple Table */,
				4B982CB31BE2D1CF0024FD11 /* 8 Simple TableTests */,
			);
		};
/* End PBXProject section */

/* Begin PBXResourcesBuildPhase section */
		4B982C9D1BE2D1CF0024FD11 /* Resources */ = {
			isa = PBXResourcesBuildPhase;
			buildActionMask = 2147483647;
			files = (
				4B982CAA1BE2D1CF0024FD11 /* Main.storyboard in Resources */,
				4B982CAF1BE2D1CF0024FD11 /* LaunchScreen.xib in Resources */,
				4B982CAC1BE2D1CF0024FD11 /* Images.xcassets in Resources */,
			);
			runOnlyForDeploymentPostprocessing = 0;
		};
		4B982CB21BE2D1CF0024FD11 /* Resources */ = {
			isa = PBXResourcesBuildPhase;
			buildActionMask = 2147483647;
			files = (
			);
			runOnlyForDeploymentPostprocessing = 0;
		};
/* End PBXResourcesBuildPhase section */

/* Begin PBXSourcesBuildPhase section */
		4B982C9B1BE2D1CF0024FD11 /* Sources */ = {
			isa = PBXSourcesBuildPhase;
			buildActionMask = 2147483647;
			files = (
				4B982CA71BE2D1CF0024FD11 /* ViewController.swift in Sources */,
				4B982CA51BE2D1CF0024FD11 /* AppDelegate.swift in Sources */,
			);
			runOnlyForDeploymentPostprocessing = 0;
		};
		4B982CB01BE2D1CF0024FD11 /* Sources */ = {
			isa = PBXSourcesBuildPhase;
			buildActionMask = 2147483647;
			files = (
				4B982CBB1BE2D1CF0024FD11 /* __Simple_TableTests.swift in Sources */,
			);
			runOnlyForDeploymentPostprocessing = 0;
		};
/* End PBXSourcesBuildPhase section */

/* Begin PBXTargetDependency section */
		4B982CB61BE2D1CF0024FD11 /* PBXTargetDependency */ = {
			isa = PBXTargetDependency;
			target = 4B982C9E1BE2D1CF0024FD11 /* 8 Simple Table */;
			targetProxy = 4B982CB51BE2D1CF0024FD11 /* PBXContainerItemProxy */;
		};
/* End PBXTargetDependency section */

/* Begin PBXVariantGroup section */
		4B982CA81BE2D1CF0024FD11 /* Main.storyboard */ = {
			isa = PBXVariantGroup;
			children = (
				4B982CA91BE2D1CF0024FD11 /* Base */,
			);
			name = Main.storyboard;
			sourceTree = "<group>";
		};
		4B982CAD1BE2D1CF0024FD11 /* LaunchScreen.xib */ = {
			isa = PBXVariantGroup;
			children = (
				4B982CAE1BE2D1CF0024FD11 /* Base */,
			);
			name = LaunchScreen.xib;
			sourceTree = "<group>";
		};
/* End PBXVariantGroup section */

/* Begin XCBuildConfiguration section */
		4B982CBC1BE2D1CF0024FD11 /* Debug */ = {
			isa = XCBuildConfiguration;
			buildSettings = {
				ALWAYS_SEARCH_USER_PATHS = NO;
				CLANG_CXX_LANGUAGE_STANDARD = "gnu++0x";
				CLANG_CXX_LIBRARY = "libc++";
				CLANG_ENABLE_MODULES = YES;
				CLANG_ENABLE_OBJC_ARC = YES;
				CLANG_WARN_BOOL_CONVERSION = YES;
				CLANG_WARN_CONSTANT_CONVERSION = YES;
				CLANG_WARN_DIRECT_OBJC_ISA_USAGE = YES_ERROR;
				CLANG_WARN_EMPTY_BODY = YES;
				CLANG_WARN_ENUM_CONVERSION = YES;
				CLANG_WARN_INT_CONVERSION = YES;
				CLANG_WARN_OBJC_ROOT_CLASS = YES_ERROR;
				CLANG_WARN_UNREACHABLE_CODE = YES;
				CLANG_WARN__DUPLICATE_METHOD_MATCH = YES;
				"CODE_SIGN_IDENTITY[sdk=iphoneos*]" = "iPhone Developer";
				COPY_PHASE_STRIP = NO;
				ENABLE_STRICT_OBJC_MSGSEND = YES;
				GCC_C_LANGUAGE_STANDARD = gnu99;
				GCC_DYNAMIC_NO_PIC = NO;
				GCC_OPTIMIZATION_LEVEL = 0;
				GCC_PREPROCESSOR_DEFINITIONS = (
					"DEBUG=1",
					"$(inherited)",
				);
				GCC_SYMBOLS_PRIVATE_EXTERN = NO;
				GCC_WARN_64_TO_32_BIT_CONVERSION = YES;
				GCC_WARN_ABOUT_RETURN_TYPE = YES_ERROR;
				GCC_WARN_UNDECLARED_SELECTOR = YES;
				GCC_WARN_UNINITIALIZED_AUTOS = YES_AGGRESSIVE;
				GCC_WARN_UNUSED_FUNCTION = YES;
				GCC_WARN_UNUSED_VARIABLE = YES;
				IPHONEOS_DEPLOYMENT_TARGET = 8.2;
				MTL_ENABLE_DEBUG_INFO = YES;
				ONLY_ACTIVE_ARCH = YES;
				SDKROOT = iphoneos;
				SWIFT_OPTIMIZATION_LEVEL = "-Onone";
				TARGETED_DEVICE_FAMILY = "1,2";
			};
			name = Debug;
		};
		4B982CBD1BE2D1CF0024FD11 /* Release */ = {
			isa = XCBuildConfiguration;
			buildSettings = {
				ALWAYS_SEARCH_USER_PATHS = NO;
				CLANG_CXX_LANGUAGE_STANDARD = "gnu++0x";
				CLANG_CXX_LIBRARY = "libc++";
				CLANG_ENABLE_MODULES = YES;
				CLANG_ENABLE_OBJC_ARC = YES;
				CLANG_WARN_BOOL_CONVERSION = YES;
				CLANG_WARN_CONSTANT_CONVERSION = YES;
				CLANG_WARN_DIRECT_OBJC_ISA_USAGE = YES_ERROR;
				CLANG_WARN_EMPTY_BODY = YES;
				CLANG_WARN_ENUM_CONVERSION = YES;
				CLANG_WARN_INT_CONVERSION = YES;
				CLANG_WARN_OBJC_ROOT_CLASS = YES_ERROR;
				CLANG_WARN_UNREACHABLE_CODE = YES;
				CLANG_WARN__DUPLICATE_METHOD_MATCH = YES;
				"CODE_SIGN_IDENTITY[sdk=iphoneos*]" = "iPhone Developer";
				COPY_PHASE_STRIP = NO;
				ENABLE_NS_ASSERTIONS = NO;
				ENABLE_STRICT_OBJC_MSGSEND = YES;
				GCC_C_LANGUAGE_STANDARD = gnu99;
				GCC_WARN_64_TO_32_BIT_CONVERSION = YES;
				GCC_WARN_ABOUT_RETURN_TYPE = YES_ERROR;
				GCC_WARN_UNDECLARED_SELECTOR = YES;
				GCC_WARN_UNINITIALIZED_AUTOS = YES_AGGRESSIVE;
				GCC_WARN_UNUSED_FUNCTION = YES;
				GCC_WARN_UNUSED_VARIABLE = YES;
				IPHONEOS_DEPLOYMENT_TARGET = 8.2;
				MTL_ENABLE_DEBUG_INFO = NO;
				SDKROOT = iphoneos;
				TARGETED_DEVICE_FAMILY = "1,2";
				VALIDATE_PRODUCT = YES;
			};
			name = Release;
		};
		4B982CBF1BE2D1CF0024FD11 /* Debug */ = {
			isa = XCBuildConfiguration;
			buildSettings = {
				ASSETCATALOG_COMPILER_APPICON_NAME = AppIcon;
				INFOPLIST_FILE = "8 Simple Table/Info.plist";
				LD_RUNPATH_SEARCH_PATHS = "$(inherited) @executable_path/Frameworks";
				PRODUCT_NAME = "$(TARGET_NAME)";
			};
			name = Debug;
		};
		4B982CC01BE2D1CF0024FD11 /* Release */ = {
			isa = XCBuildConfiguration;
			buildSettings = {
				ASSETCATALOG_COMPILER_APPICON_NAME = AppIcon;
				INFOPLIST_FILE = "8 Simple Table/Info.plist";
				LD_RUNPATH_SEARCH_PATHS = "$(inherited) @executable_path/Frameworks";
				PRODUCT_NAME = "$(TARGET_NAME)";
			};
			name = Release;
		};
		4B982CC21BE2D1CF0024FD11 /* Debug */ = {
			isa = XCBuildConfiguration;
			buildSettings = {
				BUNDLE_LOADER = "$(TEST_HOST)";
				FRAMEWORK_SEARCH_PATHS = (
					"$(SDKROOT)/Developer/Library/Frameworks",
					"$(inherited)",
				);
				GCC_PREPROCESSOR_DEFINITIONS = (
					"DEBUG=1",
					"$(inherited)",
				);
				INFOPLIST_FILE = "8 Simple TableTests/Info.plist";
				LD_RUNPATH_SEARCH_PATHS = "$(inherited) @executable_path/Frameworks @loader_path/Frameworks";
				PRODUCT_NAME = "$(TARGET_NAME)";
				TEST_HOST = "$(BUILT_PRODUCTS_DIR)/8 Simple Table.app/8 Simple Table";
			};
			name = Debug;
		};
		4B982CC31BE2D1CF0024FD11 /* Release */ = {
			isa = XCBuildConfiguration;
			buildSettings = {
				BUNDLE_LOADER = "$(TEST_HOST)";
				FRAMEWORK_SEARCH_PATHS = (
					"$(SDKROOT)/Developer/Library/Frameworks",
					"$(inherited)",
				);
				INFOPLIST_FILE = "8 Simple TableTests/Info.plist";
				LD_RUNPATH_SEARCH_PATHS = "$(inherited) @executable_path/Frameworks @loader_path/Frameworks";
				PRODUCT_NAME = "$(TARGET_NAME)";
				TEST_HOST = "$(BUILT_PRODUCTS_DIR)/8 Simple Table.app/8 Simple Table";
			};
			name = Release;
		};
/* End XCBuildConfiguration section */

/* Begin XCConfigurationList section */
		4B982C9A1BE2D1CF0024FD11 /* Build configuration list for PBXProject "8 Simple Table" */ = {
			isa = XCConfigurationList;
			buildConfigurations = (
				4B982CBC1BE2D1CF0024FD11 /* Debug */,
				4B982CBD1BE2D1CF0024FD11 /* Release */,
			);
			defaultConfigurationIsVisible = 0;
			defaultConfigurationName = Release;
		};
		4B982CBE1BE2D1CF0024FD11 /* Build configuration list for PBXNativeTarget "8 Simple Table" */ = {
			isa = XCConfigurationList;
			buildConfigurations = (
				4B982CBF1BE2D1CF0024FD11 /* Debug */,
				4B982CC01BE2D1CF0024FD11 /* Release */,
			);
			defaultConfigurationIsVisible = 0;
		};
		4B982CC11BE2D1CF0024FD11 /* Build configuration list for PBXNativeTarget "8 Simple TableTests" */ = {
			isa = XCConfigurationList;
			buildConfigurations = (
				4B982CC21BE2D1CF0024FD11 /* Debug */,
				4B982CC31BE2D1CF0024FD11 /* Release */,
			);
			defaultConfigurationIsVisible = 0;
		};
/* End XCConfigurationList section */
	};
	rootObject = 4B982C971BE2D1CF0024FD11 /* Project object */;
}
